NeoBundleLock Align 787662fe90cd057942bc5b682fd70c87e1a9dd77
NeoBundleLock SQLUtilities 566184530da81aa05ae4ac4ba6cf5034292a9b89
NeoBundleLock SrcExpl ba827cb3d2d1e7f0616850f147dfef744215fea2
NeoBundleLock Trinity 8c6ac7ca4ab3b3aedf300b3d425276f12594d425
NeoBundleLock YankRing.vim 28854abef8fa4ebd3cb219aefcf22566997d8f65
NeoBundleLock clang_complete 8e734335c354a27068e034253645a14fbef31d6a
NeoBundleLock clang_complete-getopts-ios 7f15c776a2ed845b5d9f640b032037c3da93384c
NeoBundleLock ctrlp.vim 564176f01d7f3f7f8ab452ff4e1f5314de7b0981
NeoBundleLock editorconfig-vim a459b8cfef00100da40fd69c8ae92c4d1e63e1d2
NeoBundleLock emmet-vim abdf10e91c9227f282bd6e635e491beda6719166
NeoBundleLock gist-vim f0d63579eab7548cf12f979dc52ef5a370ecbe63
NeoBundleLock html5-syntax.vim fdbd5b331dbdbd6e05aacf002824b6ce6ecf163b
NeoBundleLock inkpot b86ad4dc977d3e92ca713c83bc225526a7d77070
NeoBundleLock jQuery 895d237528151c373d71c99f4812eb45b094e7c8
NeoBundleLock matchit.zip ced6c409c9beeb0b4142d21906606bd194411d1d
NeoBundleLock neobundle.vim dd5208f9a7c60e9dd311b5a91d30e5367acece42
NeoBundleLock neocomplete.vim 2b9f5f4c60a24f60d4ef0df28ada94b138ea1e83
NeoBundleLock neomru.vim c7bf447627679a3f06f0f3caf893b0497d0aa90b
NeoBundleLock neosnippet 7c07c4d8a2228c77ae4d519c936811db662ecd4a
NeoBundleLock neosnippet-snippets 7bc1674170670a4c43f7f4fc65e0e396759512ea
NeoBundleLock nerdcommenter 607253203dc2fc1798dbe2ea9a3471db9c12e005
NeoBundleLock nerdtree 281701021c5001332a862da80175bf585d24e2e8
NeoBundleLock paredit.vim 791c3a0cc3155f424fba9409a9520eec241c189c
NeoBundleLock simple-javascript-indenter b1cbd5b147b15245b02c5a9a6789a06950de6482
NeoBundleLock syntastic 50d0315835047c35a1f6f6edf214e612d6eae3dd
NeoBundleLock taglist.vim 53041fbc45398a9af631a20657e109707a455339
NeoBundleLock tern_for_vim a3f73c9c50fb4c9a6176bdab18be9aaf54c24d76
NeoBundleLock textile.vim 00541bdac375938ca013fdb39eab95a04e622bac
NeoBundleLock typescript-tools 6c07eab06fe9ac3afdf3259b13061aa7dfeb7020
NeoBundleLock typescript-vim 7e25a901af7cd993498cc9ecfc833ca2ac21db7a
NeoBundleLock unite-grep a63e09f44fdd4b7ca8caa943afbfe482bfc4ee18
NeoBundleLock unite.vim 816c3ae9c64753ce835f411a532d8fc8a195a796
NeoBundleLock vim-classpath 1ef18a10512fe0f84bb2c412b38e613c331a7b55
NeoBundleLock vim-coffee-script 72f48c3f9bb6ba4f9ba1e6e4933c2c25686a1b62
NeoBundleLock vim-colors-solarized 528a59f26d12278698bb946f8fb82a63711eec21
NeoBundleLock vim-css3-syntax 7baa11dee07688a5b5bb189be11cce3c0a85aa87
NeoBundleLock vim-figwheel cc7b2ab15ccac9e9bae2d9987e6113b943ed4816
NeoBundleLock vim-fireplace 04a7f542f56cb2d932c454648e10fc39f70af345
NeoBundleLock vim-fugitive b5188a1b4f9aabd1454f7b8dd621d467ca7ee3a7
NeoBundleLock vim-handlebars 1eeeff8ade7b5008e7a213cc7eb9c7e1bed52bef
NeoBundleLock vim-jade 91f757bef4e59a48992cbc10d63a242e8cdd988d
NeoBundleLock vim-javascript 2195ce0103993535fc24be3621c8d9eecdb93d98
NeoBundleLock vim-javascript-syntax 6222b85824cb38f169d0c99cc586daa55d8ec01c
NeoBundleLock vim-json f5e3181d0b33a9c51377bb7ea8492feddca8b503
NeoBundleLock vim-jsx b1047b07504c90c73f82c7f2de3a75688240d2ab
NeoBundleLock vim-leiningen a0dc869952a38285476ceba91787948c1759088b
NeoBundleLock vim-less 6e818d5614d5fc18d95a48c92b89e6db39f9e3d6
NeoBundleLock vim-markdown 10073c3a3c363c34681c2e37ae29e9675e2cde90
NeoBundleLock vim-nodejs-complete 1e2f98f4366c6dec27fa8df72971fa9fa33e9f07
NeoBundleLock vim-poslist a971f53bbf154543c4068061fdf1f7a19d953cbe
NeoBundleLock vim-qfreplace 89e64ae24fb4b8e2402ba6d84971c06606f4adf4
NeoBundleLock vim-quickrun 9fff9e5f12fcea45637821e30e6dbee05e748854
NeoBundleLock vim-rails 2156c58437cce1a98e6f095ff4a2e1851b547b46
NeoBundleLock vim-singleton 1d9ef6ef40b4de6ce2c973b3e8dc1d521ddcb274
NeoBundleLock vim-splash 04085f4fbe1ed50e0f9854587cfa6c2a33fb9451
NeoBundleLock vim-stylus ff3c867162673fe8a9cb36466d1ef1a89ce789cc
NeoBundleLock vim-surround e49d6c2459e0f5569ff2d533b4df995dd7f98313
NeoBundleLock vim-threes d407a3e85178822c3ee6982422e96ec19d11ccad
NeoBundleLock vimfiler 2fefd882720cb0298bbf160b4e3d41c649accfec
NeoBundleLock vimproc e7722d9bb583c9522e1048698e7532c8c31ec373
NeoBundleLock webapi-vim e3fa93f29a3a0754204002775e140d8a9acfd7fd
